<?xml version="1.0" encoding="utf-8"?>
<Project ToolsVersion="4.0" xmlns="http://schemas.microsoft.com/developer/msbuild/2003">
  <ItemGroup>
    <Filter Include="Pliki źródłowe">
      <UniqueIdentifier>{4FC737F1-C7A5-4376-A066-2A32D752A2FF}</UniqueIdentifier>
      <Extensions>cpp;c;cc;cxx;c++;cppm;ixx;def;odl;idl;hpj;bat;asm;asmx</Extensions>
    </Filter>
    <Filter Include="Pliki nagłówkowe">
      <UniqueIdentifier>{93995380-89BD-4b04-88EB-625FBE52EBFB}</UniqueIdentifier>
      <Extensions>h;hh;hpp;hxx;h++;hm;inl;inc;ipp;xsd</Extensions>
    </Filter>
    <Filter Include="Pliki zasobów">
      <UniqueIdentifier>{67DA6AB6-F800-4c08-8B7A-83BB121AAD01}</UniqueIdentifier>
      <Extensions>rc;ico;cur;bmp;dlg;rc2;rct;bin;rgs;gif;jpg;jpeg;jpe;resx;tiff;tif;png;wav;mfcribbon-ms</Extensions>
    </Filter>
    <Filter Include="Pliki nagłówkowe\Scenes">
      <UniqueIdentifier>{12584d73-4e26-49b1-af8e-3e2077dd0b78}</UniqueIdentifier>
    </Filter>
    <Filter Include="Pliki źródłowe\Scenes">
      <UniqueIdentifier>{e032ec1e-9993-467b-b939-5f3aca8b37b9}</UniqueIdentifier>
    </Filter>
    <Filter Include="Pliki nagłówkowe\GUI">
      <UniqueIdentifier>{47f57cd4-e192-4037-b992-1fa1a70c8a4b}</UniqueIdentifier>
    </Filter>
    <Filter Include="Pliki źródłowe\GUI">
      <UniqueIdentifier>{50d8f854-9dde-4880-abd6-3f6f02626835}</UniqueIdentifier>
    </Filter>
    <Filter Include="Pliki nagłówkowe\Entities">
      <UniqueIdentifier>{97297561-48e9-481e-8329-3a842ee76225}</UniqueIdentifier>
    </Filter>
    <Filter Include="Pliki źródłowe\Entities">
      <UniqueIdentifier>{7b260984-a6aa-46f4-995f-c5f2b5283348}</UniqueIdentifier>
    </Filter>
    <Filter Include="Pliki nagłówkowe\Missiles">
      <UniqueIdentifier>{bdd36345-7275-41bd-9893-1b720bdf4520}</UniqueIdentifier>
    </Filter>
    <Filter Include="Pliki źródłowe\Missiles">
      <UniqueIdentifier>{85a85cb7-7509-42c9-aa45-cca7a518477b}</UniqueIdentifier>
    </Filter>
  </ItemGroup>
  <ItemGroup>
    <ClCompile Include="main.cpp">
      <Filter>Pliki źródłowe</Filter>
    </ClCompile>
    <ClCompile Include="Game.cpp">
      <Filter>Pliki źródłowe</Filter>
    </ClCompile>
    <ClCompile Include="SceneManager.cpp">
      <Filter>Pliki źródłowe</Filter>
    </ClCompile>
    <ClCompile Include="Utils.cpp">
      <Filter>Pliki źródłowe</Filter>
    </ClCompile>
    <ClCompile Include="MenuScene.cpp">
      <Filter>Pliki źródłowe\Scenes</Filter>
    </ClCompile>
    <ClCompile Include="PlotScene.cpp">
      <Filter>Pliki źródłowe\Scenes</Filter>
    </ClCompile>
    <ClCompile Include="Scene.cpp">
      <Filter>Pliki źródłowe\Scenes</Filter>
    </ClCompile>
    <ClCompile Include="Button.cpp">
      <Filter>Pliki źródłowe\GUI</Filter>
    </ClCompile>
    <ClCompile Include="TextButton.cpp">
      <Filter>Pliki źródłowe\GUI</Filter>
    </ClCompile>
    <ClCompile Include="UIClose.cpp">
      <Filter>Pliki źródłowe\GUI</Filter>
    </ClCompile>
    <ClCompile Include="UICommand.cpp">
      <Filter>Pliki źródłowe\GUI</Filter>
    </ClCompile>
    <ClCompile Include="UINextScene.cpp">
      <Filter>Pliki źródłowe\GUI</Filter>
    </ClCompile>
    <ClCompile Include="Level1.cpp">
      <Filter>Pliki źródłowe\Scenes</Filter>
    </ClCompile>
    <ClCompile Include="Entity.cpp">
      <Filter>Pliki źródłowe\Entities</Filter>
    </ClCompile>
    <ClCompile Include="Player.cpp">
      <Filter>Pliki źródłowe\Entities</Filter>
    </ClCompile>
    <ClCompile Include="Spell.cpp">
      <Filter>Pliki źródłowe</Filter>
    </ClCompile>
    <ClCompile Include="FireballSpell.cpp">
      <Filter>Pliki źródłowe</Filter>
    </ClCompile>
    <ClCompile Include="Missile.cpp">
      <Filter>Pliki źródłowe\Missiles</Filter>
    </ClCompile>
    <ClCompile Include="FireballMissile.cpp">
      <Filter>Pliki źródłowe\Missiles</Filter>
    </ClCompile>
    <ClCompile Include="ParticleMissile.cpp">
      <Filter>Pliki źródłowe\Missiles</Filter>
    </ClCompile>
    <ClCompile Include="ParticleSpell.cpp">
      <Filter>Pliki źródłowe</Filter>
    </ClCompile>
    <ClCompile Include="Wraith.cpp">
      <Filter>Pliki źródłowe</Filter>
    </ClCompile>
    <ClCompile Include="EnemyMissile.cpp">
      <Filter>Pliki źródłowe\Missiles</Filter>
    </ClCompile>
  </ItemGroup>
  <ItemGroup>
    <ClInclude Include="Game.h">
      <Filter>Pliki nagłówkowe</Filter>
    </ClInclude>
    <ClInclude Include="SceneManager.h">
      <Filter>Pliki nagłówkowe</Filter>
    </ClInclude>
    <ClInclude Include="Utils.h">
      <Filter>Pliki nagłówkowe</Filter>
    </ClInclude>
    <ClInclude Include="MenuScene.h">
      <Filter>Pliki nagłówkowe\Scenes</Filter>
    </ClInclude>
    <ClInclude Include="PlotScene.h">
      <Filter>Pliki nagłówkowe\Scenes</Filter>
    </ClInclude>
    <ClInclude Include="Scene.h">
      <Filter>Pliki nagłówkowe\Scenes</Filter>
    </ClInclude>
    <ClInclude Include="Button.h">
      <Filter>Pliki nagłówkowe\GUI</Filter>
    </ClInclude>
    <ClInclude Include="UIClose.h">
      <Filter>Pliki nagłówkowe\GUI</Filter>
    </ClInclude>
    <ClInclude Include="TextButton.h">
      <Filter>Pliki nagłówkowe\GUI</Filter>
    </ClInclude>
    <ClInclude Include="UICommand.h">
      <Filter>Pliki nagłówkowe\GUI</Filter>
    </ClInclude>
    <ClInclude Include="UINextScene.h">
      <Filter>Pliki nagłówkowe\GUI</Filter>
    </ClInclude>
    <ClInclude Include="Level1.h">
      <Filter>Pliki nagłówkowe\Scenes</Filter>
    </ClInclude>
    <ClInclude Include="Entity.h">
      <Filter>Pliki nagłówkowe\Entities</Filter>
    </ClInclude>
    <ClInclude Include="Player.h">
      <Filter>Pliki nagłówkowe\Entities</Filter>
    </ClInclude>
    <ClInclude Include="Spell.h">
      <Filter>Pliki nagłówkowe</Filter>
    </ClInclude>
    <ClInclude Include="FireballSpell.h">
      <Filter>Pliki nagłówkowe</Filter>
    </ClInclude>
    <ClInclude Include="Missile.h">
      <Filter>Pliki nagłówkowe\Missiles</Filter>
    </ClInclude>
    <ClInclude Include="FireballMissile.h">
      <Filter>Pliki nagłówkowe\Missiles</Filter>
    </ClInclude>
    <ClInclude Include="ParticleMissile.h">
      <Filter>Pliki nagłówkowe\Missiles</Filter>
    </ClInclude>
    <ClInclude Include="ParticleSpell.h">
      <Filter>Pliki nagłówkowe</Filter>
    </ClInclude>
    <ClInclude Include="Wraith.h">
      <Filter>Pliki nagłówkowe</Filter>
    </ClInclude>
    <ClInclude Include="EnemyMissile.h">
      <Filter>Pliki nagłówkowe\Missiles</Filter>
    </ClInclude>
  </ItemGroup>
</Project>